
Microsoft Visual Studio Solution File, Format Version 12.00
# Visual Studio Version 17
VisualStudioVersion = 17.11.35219.272
MinimumVisualStudioVersion = 10.0.40219.1
Project("{FAE04EC0-301F-11D3-BF4B-00C04F79EFBC}") = "laba_10", "laba_10\laba_10.csproj", "{DC91F4C4-A05E-4C46-99CB-A69DFE03B175}"
EndProject
Project("{FAE04EC0-301F-11D3-BF4B-00C04F79EFBC}") = "test_10", "test_10\test_10.csproj", "{39F6BABB-9FE2-4152-A6DB-AD0960FA388D}"
EndProject
Global
	GlobalSection(SolutionConfigurationPlatforms) = preSolution
		Debug|Any CPU = Debug|Any CPU
		Release|Any CPU = Release|Any CPU
	EndGlobalSection
	GlobalSection(ProjectConfigurationPlatforms) = postSolution
		{DC91F4C4-A05E-4C46-99CB-A69DFE03B175}.Debug|Any CPU.ActiveCfg = Debug|Any CPU
		{DC91F4C4-A05E-4C46-99CB-A69DFE03B175}.Debug|Any CPU.Build.0 = Debug|Any CPU
		{DC91F4C4-A05E-4C46-99CB-A69DFE03B175}.Release|Any CPU.ActiveCfg = Release|Any CPU
		{DC91F4C4-A05E-4C46-99CB-A69DFE03B175}.Release|Any CPU.Build.0 = Release|Any CPU
		{39F6BABB-9FE2-4152-A6DB-AD0960FA388D}.Debug|Any CPU.ActiveCfg = Debug|Any CPU
		{39F6BABB-9FE2-4152-A6DB-AD0960FA388D}.Debug|Any CPU.Build.0 = Debug|Any CPU
		{39F6BABB-9FE2-4152-A6DB-AD0960FA388D}.Release|Any CPU.ActiveCfg = Release|Any CPU
		{39F6BABB-9FE2-4152-A6DB-AD0960FA388D}.Release|Any CPU.Build.0 = Release|Any CPU
	EndGlobalSection
	GlobalSection(SolutionProperties) = preSolution
		HideSolutionNode = FALSE
	EndGlobalSection
	GlobalSection(ExtensibilityGlobals) = postSolution
		SolutionGuid = {CEE966E9-1B43-47E3-BA4E-1B9408775EA1}
	EndGlobalSection
EndGlobal
